
Microsoft Visual Studio Solution File, Format Version 12.00
# Visual Studio Version 16
VisualStudioVersion = 16.0.31129.286
MinimumVisualStudioVersion = 10.0.40219.1
Project("{9A19103F-16F7-4668-BE54-9A1E7A4F7556}") = "UdemyRabbitMQ.publisher", "UdemyRabbitMQ.publisher\UdemyRabbitMQ.publisher.csproj", "{4AC8E302-138F-4189-B151-4C965467DB7F}"
EndProject
Project("{9A19103F-16F7-4668-BE54-9A1E7A4F7556}") = "UdemyRabbitMQ.subcriber", "UdemyRabbitMQ.subcriber\UdemyRabbitMQ.subcriber.csproj", "{89C1FAF7-3AE5-4880-902A-931CD7A6C8ED}"
EndProject
Project("{9A19103F-16F7-4668-BE54-9A1E7A4F7556}") = "UdemyRabbitMq.publisher2", "UdemyRabbitMq.publisher2\UdemyRabbitMq.publisher2.csproj", "{87428586-EAD7-41A6-B066-ABB61923EF3C}"
EndProject
Project("{9A19103F-16F7-4668-BE54-9A1E7A4F7556}") = "UdemyRabbitMq.subciber2", "UdemyRabbitMq.subciber2\UdemyRabbitMq.subciber2.csproj", "{1F0DA07A-13F8-4B37-9577-E423E55A6F2B}"
EndProject
Project("{9A19103F-16F7-4668-BE54-9A1E7A4F7556}") = "UdemyRabbitMQ.publisherFanout", "UdemyRabbitMQ.publisherFanout\UdemyRabbitMQ.publisherFanout.csproj", "{02D7C8AA-F743-4E1A-BD4C-FFD4785B2DC6}"
EndProject
Project("{9A19103F-16F7-4668-BE54-9A1E7A4F7556}") = "UdemyRabbitMQ.subcriberFanout", "UdemyRabbitMQ.subcriberFanout\UdemyRabbitMQ.subcriberFanout.csproj", "{8C434893-8902-44B4-883A-EE452C4B3FF6}"
EndProject
Project("{9A19103F-16F7-4668-BE54-9A1E7A4F7556}") = "UdemyRabbitMQ.publisherDirectExchange", "UdemyRabbitMQ.publisherDirectExchange\UdemyRabbitMQ.publisherDirectExchange.csproj", "{B599251C-B4E4-47A1-88D7-4C61BE8A70C0}"
EndProject
Project("{9A19103F-16F7-4668-BE54-9A1E7A4F7556}") = "UdemyRabbitMQ.subcriberDirectExchange", "UdemyRabbitMQ.subcriberDirectExchange\UdemyRabbitMQ.subcriberDirectExchange.csproj", "{708D701D-24AE-45AF-8113-CF39A5BB9F37}"
EndProject
Project("{9A19103F-16F7-4668-BE54-9A1E7A4F7556}") = "UdemyRabbitMQ.publisherTopicExchange", "UdemyRabbitMQ.publisherTopicExchange\UdemyRabbitMQ.publisherTopicExchange.csproj", "{48C1F081-EDBF-4398-8D99-24A21385FBEF}"
EndProject
Project("{9A19103F-16F7-4668-BE54-9A1E7A4F7556}") = "UdemyRabbitMQ.subcriberTopicExchange", "UdemyRabbitMQ.subcriberTopicExchange\UdemyRabbitMQ.subcriberTopicExchange.csproj", "{587DBB13-BE2E-451D-A69B-96FCBE8A51F3}"
EndProject
Project("{9A19103F-16F7-4668-BE54-9A1E7A4F7556}") = "UdemyRabbitMQ.subcriberHeaderExchange", "UdemyRabbitMQ.subcriberHeaderExchange\UdemyRabbitMQ.subcriberHeaderExchange.csproj", "{8E976C19-BDCC-4B45-B221-ABD2405A9498}"
EndProject
Project("{FAE04EC0-301F-11D3-BF4B-00C04F79EFBC}") = "UdemyRabbitMQ.publisherHeaderExchange", "UdemyRabbitMQ.publisherHeaderExchange\UdemyRabbitMQ.publisherHeaderExchange.csproj", "{7CC30346-BE2C-4FA3-BADB-8DF790A83CD0}"
EndProject
Project("{FAE04EC0-301F-11D3-BF4B-00C04F79EFBC}") = "UdemyRabbitMQ.complexTypePublisher", "UdemyRabbitMQ.complexTypePublisher\UdemyRabbitMQ.complexTypePublisher.csproj", "{6900FC79-4B96-4996-A02D-75E5896B57A1}"
EndProject
Project("{FAE04EC0-301F-11D3-BF4B-00C04F79EFBC}") = "UdemyRabbitMQ.complexTypeSubcriber", "UdemyRabbitMQ.complexTypeSubcriber\UdemyRabbitMQ.complexTypeSubcriber.csproj", "{FEB1982C-FE81-4A63-AF65-00797A764A90}"
EndProject
Project("{FAE04EC0-301F-11D3-BF4B-00C04F79EFBC}") = "Shared", "Shared\Shared.csproj", "{32E73E6A-E67F-4C92-A821-85969975506F}"
EndProject
Global
	GlobalSection(SolutionConfigurationPlatforms) = preSolution
		Debug|Any CPU = Debug|Any CPU
		Release|Any CPU = Release|Any CPU
	EndGlobalSection
	GlobalSection(ProjectConfigurationPlatforms) = postSolution
		{4AC8E302-138F-4189-B151-4C965467DB7F}.Debug|Any CPU.ActiveCfg = Debug|Any CPU
		{4AC8E302-138F-4189-B151-4C965467DB7F}.Debug|Any CPU.Build.0 = Debug|Any CPU
		{4AC8E302-138F-4189-B151-4C965467DB7F}.Release|Any CPU.ActiveCfg = Release|Any CPU
		{4AC8E302-138F-4189-B151-4C965467DB7F}.Release|Any CPU.Build.0 = Release|Any CPU
		{89C1FAF7-3AE5-4880-902A-931CD7A6C8ED}.Debug|Any CPU.ActiveCfg = Debug|Any CPU
		{89C1FAF7-3AE5-4880-902A-931CD7A6C8ED}.Debug|Any CPU.Build.0 = Debug|Any CPU
		{89C1FAF7-3AE5-4880-902A-931CD7A6C8ED}.Release|Any CPU.ActiveCfg = Release|Any CPU
		{89C1FAF7-3AE5-4880-902A-931CD7A6C8ED}.Release|Any CPU.Build.0 = Release|Any CPU
		{87428586-EAD7-41A6-B066-ABB61923EF3C}.Debug|Any CPU.ActiveCfg = Debug|Any CPU
		{87428586-EAD7-41A6-B066-ABB61923EF3C}.Debug|Any CPU.Build.0 = Debug|Any CPU
		{87428586-EAD7-41A6-B066-ABB61923EF3C}.Release|Any CPU.ActiveCfg = Release|Any CPU
		{87428586-EAD7-41A6-B066-ABB61923EF3C}.Release|Any CPU.Build.0 = Release|Any CPU
		{1F0DA07A-13F8-4B37-9577-E423E55A6F2B}.Debug|Any CPU.ActiveCfg = Debug|Any CPU
		{1F0DA07A-13F8-4B37-9577-E423E55A6F2B}.Debug|Any CPU.Build.0 = Debug|Any CPU
		{1F0DA07A-13F8-4B37-9577-E423E55A6F2B}.Release|Any CPU.ActiveCfg = Release|Any CPU
		{1F0DA07A-13F8-4B37-9577-E423E55A6F2B}.Release|Any CPU.Build.0 = Release|Any CPU
		{02D7C8AA-F743-4E1A-BD4C-FFD4785B2DC6}.Debug|Any CPU.ActiveCfg = Debug|Any CPU
		{02D7C8AA-F743-4E1A-BD4C-FFD4785B2DC6}.Debug|Any CPU.Build.0 = Debug|Any CPU
		{02D7C8AA-F743-4E1A-BD4C-FFD4785B2DC6}.Release|Any CPU.ActiveCfg = Release|Any CPU
		{02D7C8AA-F743-4E1A-BD4C-FFD4785B2DC6}.Release|Any CPU.Build.0 = Release|Any CPU
		{8C434893-8902-44B4-883A-EE452C4B3FF6}.Debug|Any CPU.ActiveCfg = Debug|Any CPU
		{8C434893-8902-44B4-883A-EE452C4B3FF6}.Debug|Any CPU.Build.0 = Debug|Any CPU
		{8C434893-8902-44B4-883A-EE452C4B3FF6}.Release|Any CPU.ActiveCfg = Release|Any CPU
		{8C434893-8902-44B4-883A-EE452C4B3FF6}.Release|Any CPU.Build.0 = Release|Any CPU
		{B599251C-B4E4-47A1-88D7-4C61BE8A70C0}.Debug|Any CPU.ActiveCfg = Debug|Any CPU
		{B599251C-B4E4-47A1-88D7-4C61BE8A70C0}.Debug|Any CPU.Build.0 = Debug|Any CPU
		{B599251C-B4E4-47A1-88D7-4C61BE8A70C0}.Release|Any CPU.ActiveCfg = Release|Any CPU
		{B599251C-B4E4-47A1-88D7-4C61BE8A70C0}.Release|Any CPU.Build.0 = Release|Any CPU
		{708D701D-24AE-45AF-8113-CF39A5BB9F37}.Debug|Any CPU.ActiveCfg = Debug|Any CPU
		{708D701D-24AE-45AF-8113-CF39A5BB9F37}.Debug|Any CPU.Build.0 = Debug|Any CPU
		{708D701D-24AE-45AF-8113-CF39A5BB9F37}.Release|Any CPU.ActiveCfg = Release|Any CPU
		{708D701D-24AE-45AF-8113-CF39A5BB9F37}.Release|Any CPU.Build.0 = Release|Any CPU
		{48C1F081-EDBF-4398-8D99-24A21385FBEF}.Debug|Any CPU.ActiveCfg = Debug|Any CPU
		{48C1F081-EDBF-4398-8D99-24A21385FBEF}.Debug|Any CPU.Build.0 = Debug|Any CPU
		{48C1F081-EDBF-4398-8D99-24A21385FBEF}.Release|Any CPU.ActiveCfg = Release|Any CPU
		{48C1F081-EDBF-4398-8D99-24A21385FBEF}.Release|Any CPU.Build.0 = Release|Any CPU
		{587DBB13-BE2E-451D-A69B-96FCBE8A51F3}.Debug|Any CPU.ActiveCfg = Debug|Any CPU
		{587DBB13-BE2E-451D-A69B-96FCBE8A51F3}.Debug|Any CPU.Build.0 = Debug|Any CPU
		{587DBB13-BE2E-451D-A69B-96FCBE8A51F3}.Release|Any CPU.ActiveCfg = Release|Any CPU
		{587DBB13-BE2E-451D-A69B-96FCBE8A51F3}.Release|Any CPU.Build.0 = Release|Any CPU
		{8E976C19-BDCC-4B45-B221-ABD2405A9498}.Debug|Any CPU.ActiveCfg = Debug|Any CPU
		{8E976C19-BDCC-4B45-B221-ABD2405A9498}.Debug|Any CPU.Build.0 = Debug|Any CPU
		{8E976C19-BDCC-4B45-B221-ABD2405A9498}.Release|Any CPU.ActiveCfg = Release|Any CPU
		{8E976C19-BDCC-4B45-B221-ABD2405A9498}.Release|Any CPU.Build.0 = Release|Any CPU
		{7CC30346-BE2C-4FA3-BADB-8DF790A83CD0}.Debug|Any CPU.ActiveCfg = Debug|Any CPU
		{7CC30346-BE2C-4FA3-BADB-8DF790A83CD0}.Debug|Any CPU.Build.0 = Debug|Any CPU
		{7CC30346-BE2C-4FA3-BADB-8DF790A83CD0}.Release|Any CPU.ActiveCfg = Release|Any CPU
		{7CC30346-BE2C-4FA3-BADB-8DF790A83CD0}.Release|Any CPU.Build.0 = Release|Any CPU
		{6900FC79-4B96-4996-A02D-75E5896B57A1}.Debug|Any CPU.ActiveCfg = Debug|Any CPU
		{6900FC79-4B96-4996-A02D-75E5896B57A1}.Debug|Any CPU.Build.0 = Debug|Any CPU
		{6900FC79-4B96-4996-A02D-75E5896B57A1}.Release|Any CPU.ActiveCfg = Release|Any CPU
		{6900FC79-4B96-4996-A02D-75E5896B57A1}.Release|Any CPU.Build.0 = Release|Any CPU
		{FEB1982C-FE81-4A63-AF65-00797A764A90}.Debug|Any CPU.ActiveCfg = Debug|Any CPU
		{FEB1982C-FE81-4A63-AF65-00797A764A90}.Debug|Any CPU.Build.0 = Debug|Any CPU
		{FEB1982C-FE81-4A63-AF65-00797A764A90}.Release|Any CPU.ActiveCfg = Release|Any CPU
		{FEB1982C-FE81-4A63-AF65-00797A764A90}.Release|Any CPU.Build.0 = Release|Any CPU
		{32E73E6A-E67F-4C92-A821-85969975506F}.Debug|Any CPU.ActiveCfg = Debug|Any CPU
		{32E73E6A-E67F-4C92-A821-85969975506F}.Debug|Any CPU.Build.0 = Debug|Any CPU
		{32E73E6A-E67F-4C92-A821-85969975506F}.Release|Any CPU.ActiveCfg = Release|Any CPU
		{32E73E6A-E67F-4C92-A821-85969975506F}.Release|Any CPU.Build.0 = Release|Any CPU
	EndGlobalSection
	GlobalSection(SolutionProperties) = preSolution
		HideSolutionNode = FALSE
	EndGlobalSection
	GlobalSection(ExtensibilityGlobals) = postSolution
		SolutionGuid = {5FF95FFC-B72D-463F-8412-6487069F0234}
	EndGlobalSection
EndGlobal
