
Microsoft Visual Studio Solution File, Format Version 12.00
# Visual Studio Version 16
VisualStudioVersion = 16.0.31129.286
MinimumVisualStudioVersion = 10.0.40219.1
Project("{9A19103F-16F7-4668-BE54-9A1E7A4F7556}") = "UdemyRabbitMQ.publisher", "UdemyRabbitMQ.publisher\UdemyRabbitMQ.publisher.csproj", "{4AC8E302-138F-4189-B151-4C965467DB7F}"
EndProject
Project("{9A19103F-16F7-4668-BE54-9A1E7A4F7556}") = "UdemyRabbitMQ.subcriber", "UdemyRabbitMQ.subcriber\UdemyRabbitMQ.subcriber.csproj", "{89C1FAF7-3AE5-4880-902A-931CD7A6C8ED}"
EndProject
Project("{9A19103F-16F7-4668-BE54-9A1E7A4F7556}") = "UdemyRabbitMq.publisher2", "UdemyRabbitMq.publisher2\UdemyRabbitMq.publisher2.csproj", "{87428586-EAD7-41A6-B066-ABB61923EF3C}"
EndProject
Project("{9A19103F-16F7-4668-BE54-9A1E7A4F7556}") = "UdemyRabbitMq.subciber2", "UdemyRabbitMq.subciber2\UdemyRabbitMq.subciber2.csproj", "{1F0DA07A-13F8-4B37-9577-E423E55A6F2B}"
EndProject
Project("{FAE04EC0-301F-11D3-BF4B-00C04F79EFBC}") = "UdemyRabbitMQ.publisherFanout", "UdemyRabbitMQ.publisherFanout\UdemyRabbitMQ.publisherFanout.csproj", "{02D7C8AA-F743-4E1A-BD4C-FFD4785B2DC6}"
EndProject
Project("{FAE04EC0-301F-11D3-BF4B-00C04F79EFBC}") = "UdemyRabbitMQ.subcriberFanout", "UdemyRabbitMQ.subcriberFanout\UdemyRabbitMQ.subcriberFanout.csproj", "{8C434893-8902-44B4-883A-EE452C4B3FF6}"
EndProject
Global
	GlobalSection(SolutionConfigurationPlatforms) = preSolution
		Debug|Any CPU = Debug|Any CPU
		Release|Any CPU = Release|Any CPU
	EndGlobalSection
	GlobalSection(ProjectConfigurationPlatforms) = postSolution
		{4AC8E302-138F-4189-B151-4C965467DB7F}.Debug|Any CPU.ActiveCfg = Debug|Any CPU
		{4AC8E302-138F-4189-B151-4C965467DB7F}.Debug|Any CPU.Build.0 = Debug|Any CPU
		{4AC8E302-138F-4189-B151-4C965467DB7F}.Release|Any CPU.ActiveCfg = Release|Any CPU
		{4AC8E302-138F-4189-B151-4C965467DB7F}.Release|Any CPU.Build.0 = Release|Any CPU
		{89C1FAF7-3AE5-4880-902A-931CD7A6C8ED}.Debug|Any CPU.ActiveCfg = Debug|Any CPU
		{89C1FAF7-3AE5-4880-902A-931CD7A6C8ED}.Debug|Any CPU.Build.0 = Debug|Any CPU
		{89C1FAF7-3AE5-4880-902A-931CD7A6C8ED}.Release|Any CPU.ActiveCfg = Release|Any CPU
		{89C1FAF7-3AE5-4880-902A-931CD7A6C8ED}.Release|Any CPU.Build.0 = Release|Any CPU
		{87428586-EAD7-41A6-B066-ABB61923EF3C}.Debug|Any CPU.ActiveCfg = Debug|Any CPU
		{87428586-EAD7-41A6-B066-ABB61923EF3C}.Debug|Any CPU.Build.0 = Debug|Any CPU
		{87428586-EAD7-41A6-B066-ABB61923EF3C}.Release|Any CPU.ActiveCfg = Release|Any CPU
		{87428586-EAD7-41A6-B066-ABB61923EF3C}.Release|Any CPU.Build.0 = Release|Any CPU
		{1F0DA07A-13F8-4B37-9577-E423E55A6F2B}.Debug|Any CPU.ActiveCfg = Debug|Any CPU
		{1F0DA07A-13F8-4B37-9577-E423E55A6F2B}.Debug|Any CPU.Build.0 = Debug|Any CPU
		{1F0DA07A-13F8-4B37-9577-E423E55A6F2B}.Release|Any CPU.ActiveCfg = Release|Any CPU
		{1F0DA07A-13F8-4B37-9577-E423E55A6F2B}.Release|Any CPU.Build.0 = Release|Any CPU
		{02D7C8AA-F743-4E1A-BD4C-FFD4785B2DC6}.Debug|Any CPU.ActiveCfg = Debug|Any CPU
		{02D7C8AA-F743-4E1A-BD4C-FFD4785B2DC6}.Debug|Any CPU.Build.0 = Debug|Any CPU
		{02D7C8AA-F743-4E1A-BD4C-FFD4785B2DC6}.Release|Any CPU.ActiveCfg = Release|Any CPU
		{02D7C8AA-F743-4E1A-BD4C-FFD4785B2DC6}.Release|Any CPU.Build.0 = Release|Any CPU
		{8C434893-8902-44B4-883A-EE452C4B3FF6}.Debug|Any CPU.ActiveCfg = Debug|Any CPU
		{8C434893-8902-44B4-883A-EE452C4B3FF6}.Debug|Any CPU.Build.0 = Debug|Any CPU
		{8C434893-8902-44B4-883A-EE452C4B3FF6}.Release|Any CPU.ActiveCfg = Release|Any CPU
		{8C434893-8902-44B4-883A-EE452C4B3FF6}.Release|Any CPU.Build.0 = Release|Any CPU
	EndGlobalSection
	GlobalSection(SolutionProperties) = preSolution
		HideSolutionNode = FALSE
	EndGlobalSection
	GlobalSection(ExtensibilityGlobals) = postSolution
		SolutionGuid = {5FF95FFC-B72D-463F-8412-6487069F0234}
	EndGlobalSection
EndGlobal
